
Microsoft Visual Studio Solution File, Format Version 12.00
# Visual Studio 15
VisualStudioVersion = 15.0.28010.2046
MinimumVisualStudioVersion = 10.0.40219.1
Project("{FAE04EC0-301F-11D3-BF4B-00C04F79EFBC}") = "DePa Nieuw", "DePa Nieuw\DePa Nieuw.csproj", "{2B554FE6-B9EC-4A41-A978-E5B7837081AD}"
EndProject
Global
	GlobalSection(SolutionConfigurationPlatforms) = preSolution
		Debug|Any CPU = Debug|Any CPU
		Release|Any CPU = Release|Any CPU
	EndGlobalSection
	GlobalSection(ProjectConfigurationPlatforms) = postSolution
		{2B554FE6-B9EC-4A41-A978-E5B7837081AD}.Debug|Any CPU.ActiveCfg = Debug|Any CPU
		{2B554FE6-B9EC-4A41-A978-E5B7837081AD}.Debug|Any CPU.Build.0 = Debug|Any CPU
		{2B554FE6-B9EC-4A41-A978-E5B7837081AD}.Release|Any CPU.ActiveCfg = Release|Any CPU
		{2B554FE6-B9EC-4A41-A978-E5B7837081AD}.Release|Any CPU.Build.0 = Release|Any CPU
	EndGlobalSection
	GlobalSection(SolutionProperties) = preSolution
		HideSolutionNode = FALSE
	EndGlobalSection
	GlobalSection(ExtensibilityGlobals) = postSolution
		SolutionGuid = {56BEFDA9-9C91-4BA7-90A0-80E0AEE0C085}
	EndGlobalSection
EndGlobal
